
Microsoft Visual Studio Solution File, Format Version 12.00
# Visual Studio Version 16
VisualStudioVersion = 16.0.31729.503
MinimumVisualStudioVersion = 10.0.40219.1
Project("{FAE04EC0-301F-11D3-BF4B-00C04F79EFBC}") = "Justin_Test", "Justin_Test\Justin_Test.csproj", "{1F96AE36-637F-412D-A5FF-49CF5DAF69F4}"
EndProject
Global
	GlobalSection(SolutionConfigurationPlatforms) = preSolution
		Debug|Any CPU = Debug|Any CPU
		Release|Any CPU = Release|Any CPU
	EndGlobalSection
	GlobalSection(ProjectConfigurationPlatforms) = postSolution
		{1F96AE36-637F-412D-A5FF-49CF5DAF69F4}.Debug|Any CPU.ActiveCfg = Debug|Any CPU
		{1F96AE36-637F-412D-A5FF-49CF5DAF69F4}.Debug|Any CPU.Build.0 = Debug|Any CPU
		{1F96AE36-637F-412D-A5FF-49CF5DAF69F4}.Release|Any CPU.ActiveCfg = Release|Any CPU
		{1F96AE36-637F-412D-A5FF-49CF5DAF69F4}.Release|Any CPU.Build.0 = Release|Any CPU
	EndGlobalSection
	GlobalSection(SolutionProperties) = preSolution
		HideSolutionNode = FALSE
	EndGlobalSection
	GlobalSection(ExtensibilityGlobals) = postSolution
		SolutionGuid = {5347854B-22C8-4852-84BC-AA11869192C7}
	EndGlobalSection
EndGlobal
